
Microsoft Visual Studio Solution File, Format Version 12.00
# Visual Studio Version 16
VisualStudioVersion = 16.0.28711.60
MinimumVisualStudioVersion = 10.0.40219.1
Project("{9A19103F-16F7-4668-BE54-9A1E7A4F7556}") = "Configuration", "Configuration\Configuration.csproj", "{9975002A-FB0F-4DCB-B898-7F1D00D17B56}"
EndProject
Project("{9A19103F-16F7-4668-BE54-9A1E7A4F7556}") = "DungeonHelper", "DungeonHelper\DungeonHelper.csproj", "{949A1D33-C38E-4AB7-91E5-C462B98D8B57}"
EndProject
Project("{9A19103F-16F7-4668-BE54-9A1E7A4F7556}") = "Sabrina", "Sabrina\Sabrina.csproj", "{B1E880D6-D196-43F2-A41F-218BA057E005}"
EndProject
Project("{9A19103F-16F7-4668-BE54-9A1E7A4F7556}") = "WaifuJoi.Shared", "..\WaifuJoi\WaifuJoi.Shared\WaifuJoi.Shared.csproj", "{34666F1E-6E4E-4213-AA71-6595D9AFED78}"
EndProject
Global
	GlobalSection(SolutionConfigurationPlatforms) = preSolution
		Debug|Any CPU = Debug|Any CPU
		Release|Any CPU = Release|Any CPU
	EndGlobalSection
	GlobalSection(ProjectConfigurationPlatforms) = postSolution
		{9975002A-FB0F-4DCB-B898-7F1D00D17B56}.Debug|Any CPU.ActiveCfg = Debug|Any CPU
		{9975002A-FB0F-4DCB-B898-7F1D00D17B56}.Debug|Any CPU.Build.0 = Debug|Any CPU
		{9975002A-FB0F-4DCB-B898-7F1D00D17B56}.Release|Any CPU.ActiveCfg = Release|Any CPU
		{9975002A-FB0F-4DCB-B898-7F1D00D17B56}.Release|Any CPU.Build.0 = Release|Any CPU
		{949A1D33-C38E-4AB7-91E5-C462B98D8B57}.Debug|Any CPU.ActiveCfg = Debug|Any CPU
		{949A1D33-C38E-4AB7-91E5-C462B98D8B57}.Debug|Any CPU.Build.0 = Debug|Any CPU
		{949A1D33-C38E-4AB7-91E5-C462B98D8B57}.Release|Any CPU.ActiveCfg = Release|Any CPU
		{949A1D33-C38E-4AB7-91E5-C462B98D8B57}.Release|Any CPU.Build.0 = Release|Any CPU
		{B1E880D6-D196-43F2-A41F-218BA057E005}.Debug|Any CPU.ActiveCfg = Debug|Any CPU
		{B1E880D6-D196-43F2-A41F-218BA057E005}.Debug|Any CPU.Build.0 = Debug|Any CPU
		{B1E880D6-D196-43F2-A41F-218BA057E005}.Release|Any CPU.ActiveCfg = Release|Any CPU
		{B1E880D6-D196-43F2-A41F-218BA057E005}.Release|Any CPU.Build.0 = Release|Any CPU
		{34666F1E-6E4E-4213-AA71-6595D9AFED78}.Debug|Any CPU.ActiveCfg = Debug|Any CPU
		{34666F1E-6E4E-4213-AA71-6595D9AFED78}.Debug|Any CPU.Build.0 = Debug|Any CPU
		{34666F1E-6E4E-4213-AA71-6595D9AFED78}.Release|Any CPU.ActiveCfg = Release|Any CPU
		{34666F1E-6E4E-4213-AA71-6595D9AFED78}.Release|Any CPU.Build.0 = Release|Any CPU
	EndGlobalSection
	GlobalSection(SolutionProperties) = preSolution
		HideSolutionNode = FALSE
	EndGlobalSection
	GlobalSection(ExtensibilityGlobals) = postSolution
		SolutionGuid = {59129D38-7635-4974-83D5-1331BA635220}
	EndGlobalSection
EndGlobal
